
Microsoft Visual Studio Solution File, Format Version 12.00
# Visual Studio Version 16
VisualStudioVersion = 16.0.31313.79
MinimumVisualStudioVersion = 10.0.40219.1
Project("{9A19103F-16F7-4668-BE54-9A1E7A4F7556}") = "SkillboxHW13", "SkillboxHW13\SkillboxHW13.csproj", "{39B2088B-7310-4805-82B9-882F7197EA6B}"
EndProject
Project("{9A19103F-16F7-4668-BE54-9A1E7A4F7556}") = "Loger", "Logger\Loger.csproj", "{A6AE3C45-63A1-4011-A323-2077577F8736}"
EndProject
Global
	GlobalSection(SolutionConfigurationPlatforms) = preSolution
		Debug|Any CPU = Debug|Any CPU
		Release|Any CPU = Release|Any CPU
	EndGlobalSection
	GlobalSection(ProjectConfigurationPlatforms) = postSolution
		{39B2088B-7310-4805-82B9-882F7197EA6B}.Debug|Any CPU.ActiveCfg = Debug|Any CPU
		{39B2088B-7310-4805-82B9-882F7197EA6B}.Debug|Any CPU.Build.0 = Debug|Any CPU
		{39B2088B-7310-4805-82B9-882F7197EA6B}.Release|Any CPU.ActiveCfg = Release|Any CPU
		{39B2088B-7310-4805-82B9-882F7197EA6B}.Release|Any CPU.Build.0 = Release|Any CPU
		{A6AE3C45-63A1-4011-A323-2077577F8736}.Debug|Any CPU.ActiveCfg = Debug|Any CPU
		{A6AE3C45-63A1-4011-A323-2077577F8736}.Debug|Any CPU.Build.0 = Debug|Any CPU
		{A6AE3C45-63A1-4011-A323-2077577F8736}.Release|Any CPU.ActiveCfg = Release|Any CPU
		{A6AE3C45-63A1-4011-A323-2077577F8736}.Release|Any CPU.Build.0 = Release|Any CPU
	EndGlobalSection
	GlobalSection(SolutionProperties) = preSolution
		HideSolutionNode = FALSE
	EndGlobalSection
	GlobalSection(ExtensibilityGlobals) = postSolution
		SolutionGuid = {94125641-7C4D-49BD-B46A-9FB79C5941AB}
	EndGlobalSection
EndGlobal
